
Microsoft Visual Studio Solution File, Format Version 12.00
# Visual Studio Version 17
VisualStudioVersion = 17.14.36203.30 d17.14
MinimumVisualStudioVersion = 10.0.40219.1
Project("{FAE04EC0-301F-11D3-BF4B-00C04F79EFBC}") = "Cloud", "Cloud.csproj", "{5FE20C75-50AA-4F08-9000-352F101A1E5C}"
EndProject
Global
	GlobalSection(SolutionConfigurationPlatforms) = preSolution
		Debug|Any CPU = Debug|Any CPU
		Release|Any CPU = Release|Any CPU
	EndGlobalSection
	GlobalSection(ProjectConfigurationPlatforms) = postSolution
		{5FE20C75-50AA-4F08-9000-352F101A1E5C}.Debug|Any CPU.ActiveCfg = Debug|Any CPU
		{5FE20C75-50AA-4F08-9000-352F101A1E5C}.Debug|Any CPU.Build.0 = Debug|Any CPU
		{5FE20C75-50AA-4F08-9000-352F101A1E5C}.Release|Any CPU.ActiveCfg = Release|Any CPU
		{5FE20C75-50AA-4F08-9000-352F101A1E5C}.Release|Any CPU.Build.0 = Release|Any CPU
	EndGlobalSection
	GlobalSection(SolutionProperties) = preSolution
		HideSolutionNode = FALSE
	EndGlobalSection
	GlobalSection(ExtensibilityGlobals) = postSolution
		SolutionGuid = {B83CB0E4-F145-4DEE-92B9-CC7D54DEDF43}
	EndGlobalSection
EndGlobal
